
Microsoft Visual Studio Solution File, Format Version 12.00
# Visual Studio Version 17
VisualStudioVersion = 17.4.33103.184
MinimumVisualStudioVersion = 10.0.40219.1
Project("{FAE04EC0-301F-11D3-BF4B-00C04F79EFBC}") = "Relationships", "Relationships\Relationships.csproj", "{3777D73F-CB33-493C-85AD-3E27534E6497}"
EndProject
Global
	GlobalSection(SolutionConfigurationPlatforms) = preSolution
		Debug|Any CPU = Debug|Any CPU
		Release|Any CPU = Release|Any CPU
	EndGlobalSection
	GlobalSection(ProjectConfigurationPlatforms) = postSolution
		{3777D73F-CB33-493C-85AD-3E27534E6497}.Debug|Any CPU.ActiveCfg = Debug|Any CPU
		{3777D73F-CB33-493C-85AD-3E27534E6497}.Debug|Any CPU.Build.0 = Debug|Any CPU
		{3777D73F-CB33-493C-85AD-3E27534E6497}.Release|Any CPU.ActiveCfg = Release|Any CPU
		{3777D73F-CB33-493C-85AD-3E27534E6497}.Release|Any CPU.Build.0 = Release|Any CPU
	EndGlobalSection
	GlobalSection(SolutionProperties) = preSolution
		HideSolutionNode = FALSE
	EndGlobalSection
	GlobalSection(ExtensibilityGlobals) = postSolution
		SolutionGuid = {A6014B87-3089-47DE-BE07-38FF439F813C}
	EndGlobalSection
EndGlobal
